
Microsoft Visual Studio Solution File, Format Version 12.00
# Visual Studio Version 17
VisualStudioVersion = 17.8.34330.188
MinimumVisualStudioVersion = 10.0.40219.1
Project("{FAE04EC0-301F-11D3-BF4B-00C04F79EFBC}") = "VSS", "VSS.csproj", "{EB9F9EBF-1A18-4335-9EB6-51E95AA94F95}"
EndProject
Project("{FAE04EC0-301F-11D3-BF4B-00C04F79EFBC}") = "IndexingPipeline", "..\IndexingPipeline\IndexingPipeline.csproj", "{65CCCE54-7B2B-4D4E-AE89-BCA3A5007455}"
EndProject
Global
	GlobalSection(SolutionConfigurationPlatforms) = preSolution
		Debug|Any CPU = Debug|Any CPU
		Release|Any CPU = Release|Any CPU
	EndGlobalSection
	GlobalSection(ProjectConfigurationPlatforms) = postSolution
		{EB9F9EBF-1A18-4335-9EB6-51E95AA94F95}.Debug|Any CPU.ActiveCfg = Debug|Any CPU
		{EB9F9EBF-1A18-4335-9EB6-51E95AA94F95}.Debug|Any CPU.Build.0 = Debug|Any CPU
		{EB9F9EBF-1A18-4335-9EB6-51E95AA94F95}.Release|Any CPU.ActiveCfg = Release|Any CPU
		{EB9F9EBF-1A18-4335-9EB6-51E95AA94F95}.Release|Any CPU.Build.0 = Release|Any CPU
		{65CCCE54-7B2B-4D4E-AE89-BCA3A5007455}.Debug|Any CPU.ActiveCfg = Debug|Any CPU
		{65CCCE54-7B2B-4D4E-AE89-BCA3A5007455}.Debug|Any CPU.Build.0 = Debug|Any CPU
		{65CCCE54-7B2B-4D4E-AE89-BCA3A5007455}.Release|Any CPU.ActiveCfg = Release|Any CPU
		{65CCCE54-7B2B-4D4E-AE89-BCA3A5007455}.Release|Any CPU.Build.0 = Release|Any CPU
	EndGlobalSection
	GlobalSection(SolutionProperties) = preSolution
		HideSolutionNode = FALSE
	EndGlobalSection
	GlobalSection(ExtensibilityGlobals) = postSolution
		SolutionGuid = {B3A557D4-D74A-49DF-9EE9-52923BD68F0C}
	EndGlobalSection
EndGlobal
